
Microsoft Visual Studio Solution File, Format Version 12.00
# Visual Studio Version 17
VisualStudioVersion = 17.14.36518.9 d17.14
MinimumVisualStudioVersion = 10.0.40219.1
Project("{FAE04EC0-301F-11D3-BF4B-00C04F79EFBC}") = "KeyLogger_NTP_Odev", "KeyLogger_NTP_Odev\KeyLogger_NTP_Odev.csproj", "{86EA1AC4-5850-434E-A16A-08F16C70BEF0}"
EndProject
Global
	GlobalSection(SolutionConfigurationPlatforms) = preSolution
		Debug|Any CPU = Debug|Any CPU
		Release|Any CPU = Release|Any CPU
	EndGlobalSection
	GlobalSection(ProjectConfigurationPlatforms) = postSolution
		{86EA1AC4-5850-434E-A16A-08F16C70BEF0}.Debug|Any CPU.ActiveCfg = Debug|Any CPU
		{86EA1AC4-5850-434E-A16A-08F16C70BEF0}.Debug|Any CPU.Build.0 = Debug|Any CPU
		{86EA1AC4-5850-434E-A16A-08F16C70BEF0}.Release|Any CPU.ActiveCfg = Release|Any CPU
		{86EA1AC4-5850-434E-A16A-08F16C70BEF0}.Release|Any CPU.Build.0 = Release|Any CPU
	EndGlobalSection
	GlobalSection(SolutionProperties) = preSolution
		HideSolutionNode = FALSE
	EndGlobalSection
	GlobalSection(ExtensibilityGlobals) = postSolution
		SolutionGuid = {262FD026-27BE-407B-BED6-54E7AEE846AB}
	EndGlobalSection
EndGlobal
